// !$*UTF8*$!
{
	archiveVersion = 1;
	classes = {
	};
	objectVersion = 56;
	objects = {

/* Begin PBXBuildFile section */
		8CAC244F2933485000F2A455 /* AppDelegate.swift in Sources */ = {isa = PBXBuildFile; fileRef = 8CAC244E2933485000F2A455 /* AppDelegate.swift */; };
		8CAC24512933485000F2A455 /* SceneDelegate.swift in Sources */ = {isa = PBXBuildFile; fileRef = 8CAC24502933485000F2A455 /* SceneDelegate.swift */; };
		8CAC24532933485000F2A455 /* ViewController.swift in Sources */ = {isa = PBXBuildFile; fileRef = 8CAC24522933485000F2A455 /* ViewController.swift */; };
		8CAC24562933485000F2A455 /* Main.storyboard in Resources */ = {isa = PBXBuildFile; fileRef = 8CAC24542933485000F2A455 /* Main.storyboard */; };
		8CAC24592933485000F2A455 /* BMICalculator.xcdatamodeld in Sources */ = {isa = PBXBuildFile; fileRef = 8CAC24572933485000F2A455 /* BMICalculator.xcdatamodeld */; };
		8CAC245B2933485200F2A455 /* Assets.xcassets in Resources */ = {isa = PBXBuildFile; fileRef = 8CAC245A2933485200F2A455 /* Assets.xcassets */; };
		8CAC245E2933485200F2A455 /* LaunchScreen.storyboard in Resources */ = {isa = PBXBuildFile; fileRef = 8CAC245C2933485200F2A455 /* LaunchScreen.storyboard */; };
		8CAC24692933485200F2A455 /* BMICalculatorTests.swift in Sources */ = {isa = PBXBuildFile; fileRef = 8CAC24682933485200F2A455 /* BMICalculatorTests.swift */; };
		8CAC24732933485200F2A455 /* BMICalculatorUITests.swift in Sources */ = {isa = PBXBuildFile; fileRef = 8CAC24722933485200F2A455 /* BMICalculatorUITests.swift */; };
		8CAC24752933485200F2A455 /* BMICalculatorUITestsLaunchTests.swift in Sources */ = {isa = PBXBuildFile; fileRef = 8CAC24742933485200F2A455 /* BMICalculatorUITestsLaunchTests.swift */; };
		8CAC248729334C6A00F2A455 /* CalculateBMIViewController.swift in Sources */ = {isa = PBXBuildFile; fileRef = 8CAC248629334C6A00F2A455 /* CalculateBMIViewController.swift */; };
		8CAC24892933898E00F2A455 /* ResultViewController.swift in Sources */ = {isa = PBXBuildFile; fileRef = 8CAC24882933898E00F2A455 /* ResultViewController.swift */; };
		8CED63A6295322CA0037E5A0 /* MainTabBar.storyboard in Resources */ = {isa = PBXBuildFile; fileRef = 8CED63A5295322CA0037E5A0 /* MainTabBar.storyboard */; };
		8CED63A8295322F50037E5A0 /* MainTabBarViewController.swift in Sources */ = {isa = PBXBuildFile; fileRef = 8CED63A7295322F50037E5A0 /* MainTabBarViewController.swift */; };
/* End PBXBuildFile section */

/* Begin PBXContainerItemProxy section */
		8CAC24652933485200F2A455 /* PBXContainerItemProxy */ = {
			isa = PBXContainerItemProxy;
			containerPortal = 8CAC24432933485000F2A455 /* Project object */;
			proxyType = 1;
			remoteGlobalIDString = 8CAC244A2933485000F2A455;
			remoteInfo = BMICalculator;
		};
		8CAC246F2933485200F2A455 /* PBXContainerItemProxy */ = {
			isa = PBXContainerItemProxy;
			containerPortal = 8CAC24432933485000F2A455 /* Project object */;
			proxyType = 1;
			remoteGlobalIDString = 8CAC244A2933485000F2A455;
			remoteInfo = BMICalculator;
		};
/* End PBXContainerItemProxy section */

/* Begin PBXFileReference section */
		8CAC244B2933485000F2A455 /* BMICalculator.app */ = {isa = PBXFileReference; explicitFileType = wrapper.application; includeInIndex = 0; path = BMICalculator.app; sourceTree = BUILT_PRODUCTS_DIR; };
		8CAC244E2933485000F2A455 /* AppDelegate.swift */ = {isa = PBXFileReference; lastKnownFileType = sourcecode.swift; path = AppDelegate.swift; sourceTree = "<group>"; };
		8CAC24502933485000F2A455 /* SceneDelegate.swift */ = {isa = PBXFileReference; lastKnownFileType = sourcecode.swift; path = SceneDelegate.swift; sourceTree = "<group>"; };
		8CAC24522933485000F2A455 /* ViewController.swift */ = {isa = PBXFileReference; lastKnownFileType = sourcecode.swift; path = ViewController.swift; sourceTree = "<group>"; };
		8CAC24552933485000F2A455 /* Base */ = {isa = PBXFileReference; lastKnownFileType = file.storyboard; name = Base; path = Base.lproj/Main.storyboard; sourceTree = "<group>"; };
		8CAC24582933485000F2A455 /* BMICalculator.xcdatamodel */ = {isa = PBXFileReference; lastKnownFileType = wrapper.xcdatamodel; path = BMICalculator.xcdatamodel; sourceTree = "<group>"; };
		8CAC245A2933485200F2A455 /* Assets.xcassets */ = {isa = PBXFileReference; lastKnownFileType = folder.assetcatalog; path = Assets.xcassets; sourceTree = "<group>"; };
		8CAC245D2933485200F2A455 /* Base */ = {isa = PBXFileReference; lastKnownFileType = file.storyboard; name = Base; path = Base.lproj/LaunchScreen.storyboard; sourceTree = "<group>"; };
		8CAC245F2933485200F2A455 /* Info.plist */ = {isa = PBXFileReference; lastKnownFileType = text.plist.xml; path = Info.plist; sourceTree = "<group>"; };
		8CAC24642933485200F2A455 /* BMICalculatorTests.xctest */ = {isa = PBXFileReference; explicitFileType = wrapper.cfbundle; includeInIndex = 0; path = BMICalculatorTests.xctest; sourceTree = BUILT_PRODUCTS_DIR; };
		8CAC24682933485200F2A455 /* BMICalculatorTests.swift */ = {isa = PBXFileReference; lastKnownFileType = sourcecode.swift; path = BMICalculatorTests.swift; sourceTree = "<group>"; };
		8CAC246E2933485200F2A455 /* BMICalculatorUITests.xctest */ = {isa = PBXFileReference; explicitFileType = wrapper.cfbundle; includeInIndex = 0; path = BMICalculatorUITests.xctest; sourceTree = BUILT_PRODUCTS_DIR; };
		8CAC24722933485200F2A455 /* BMICalculatorUITests.swift */ = {isa = PBXFileReference; lastKnownFileType = sourcecode.swift; path = BMICalculatorUITests.swift; sourceTree = "<group>"; };
		8CAC24742933485200F2A455 /* BMICalculatorUITestsLaunchTests.swift */ = {isa = PBXFileReference; lastKnownFileType = sourcecode.swift; path = BMICalculatorUITestsLaunchTests.swift; sourceTree = "<group>"; };
		8CAC248629334C6A00F2A455 /* CalculateBMIViewController.swift */ = {isa = PBXFileReference; lastKnownFileType = sourcecode.swift; path = CalculateBMIViewController.swift; sourceTree = "<group>"; };
		8CAC24882933898E00F2A455 /* ResultViewController.swift */ = {isa = PBXFileReference; lastKnownFileType = sourcecode.swift; path = ResultViewController.swift; sourceTree = "<group>"; };
		8CED63A5295322CA0037E5A0 /* MainTabBar.storyboard */ = {isa = PBXFileReference; lastKnownFileType = file.storyboard; path = MainTabBar.storyboard; sourceTree = "<group>"; };
		8CED63A7295322F50037E5A0 /* MainTabBarViewController.swift */ = {isa = PBXFileReference; lastKnownFileType = sourcecode.swift; path = MainTabBarViewController.swift; sourceTree = "<group>"; };
/* End PBXFileReference section */

/* Begin PBXFrameworksBuildPhase section */
		8CAC24482933485000F2A455 /* Frameworks */ = {
			isa = PBXFrameworksBuildPhase;
			buildActionMask = 2147483647;
			files = (
			);
			runOnlyForDeploymentPostprocessing = 0;
		};
		8CAC24612933485200F2A455 /* Frameworks */ = {
			isa = PBXFrameworksBuildPhase;
			buildActionMask = 2147483647;
			files = (
			);
			runOnlyForDeploymentPostprocessing = 0;
		};
		8CAC246B2933485200F2A455 /* Frameworks */ = {
			isa = PBXFrameworksBuildPhase;
			buildActionMask = 2147483647;
			files = (
			);
			runOnlyForDeploymentPostprocessing = 0;
		};
/* End PBXFrameworksBuildPhase section */

/* Begin PBXGroup section */
		8CAC24422933485000F2A455 = {
			isa = PBXGroup;
			children = (
				8CAC244D2933485000F2A455 /* BMICalculator */,
				8CAC24672933485200F2A455 /* BMICalculatorTests */,
				8CAC24712933485200F2A455 /* BMICalculatorUITests */,
				8CAC244C2933485000F2A455 /* Products */,
			);
			sourceTree = "<group>";
		};
		8CAC244C2933485000F2A455 /* Products */ = {
			isa = PBXGroup;
			children = (
				8CAC244B2933485000F2A455 /* BMICalculator.app */,
				8CAC24642933485200F2A455 /* BMICalculatorTests.xctest */,
				8CAC246E2933485200F2A455 /* BMICalculatorUITests.xctest */,
			);
			name = Products;
			sourceTree = "<group>";
		};
		8CAC244D2933485000F2A455 /* BMICalculator */ = {
			isa = PBXGroup;
			children = (
				8CAC24832933487000F2A455 /* Controller */,
				8CAC24822933486A00F2A455 /* View */,
				8CAC24812933486300F2A455 /* Model */,
				8CAC244E2933485000F2A455 /* AppDelegate.swift */,
				8CAC24502933485000F2A455 /* SceneDelegate.swift */,
				8CAC24522933485000F2A455 /* ViewController.swift */,
				8CAC24542933485000F2A455 /* Main.storyboard */,
				8CAC245A2933485200F2A455 /* Assets.xcassets */,
				8CAC245C2933485200F2A455 /* LaunchScreen.storyboard */,
				8CAC245F2933485200F2A455 /* Info.plist */,
				8CAC24572933485000F2A455 /* BMICalculator.xcdatamodeld */,
			);
			path = BMICalculator;
			sourceTree = "<group>";
		};
		8CAC24672933485200F2A455 /* BMICalculatorTests */ = {
			isa = PBXGroup;
			children = (
				8CAC24682933485200F2A455 /* BMICalculatorTests.swift */,
			);
			path = BMICalculatorTests;
			sourceTree = "<group>";
		};
		8CAC24712933485200F2A455 /* BMICalculatorUITests */ = {
			isa = PBXGroup;
			children = (
				8CAC24722933485200F2A455 /* BMICalculatorUITests.swift */,
				8CAC24742933485200F2A455 /* BMICalculatorUITestsLaunchTests.swift */,
			);
			path = BMICalculatorUITests;
			sourceTree = "<group>";
		};
		8CAC24812933486300F2A455 /* Model */ = {
			isa = PBXGroup;
			children = (
			);
			path = Model;
			sourceTree = "<group>";
		};
		8CAC24822933486A00F2A455 /* View */ = {
			isa = PBXGroup;
			children = (
				8CED63A5295322CA0037E5A0 /* MainTabBar.storyboard */,
			);
			path = View;
			sourceTree = "<group>";
		};
		8CAC24832933487000F2A455 /* Controller */ = {
			isa = PBXGroup;
			children = (
				8CAC248629334C6A00F2A455 /* CalculateBMIViewController.swift */,
				8CAC24882933898E00F2A455 /* ResultViewController.swift */,
				8CED63A7295322F50037E5A0 /* MainTabBarViewController.swift */,
			);
			path = Controller;
			sourceTree = "<group>";
		};
/* End PBXGroup section */

/* Begin PBXNativeTarget section */
		8CAC244A2933485000F2A455 /* BMICalculator */ = {
			isa = PBXNativeTarget;
			buildConfigurationList = 8CAC24782933485200F2A455 /* Build configuration list for PBXNativeTarget "BMICalculator" */;
			buildPhases = (
				8CAC24472933485000F2A455 /* Sources */,
				8CAC24482933485000F2A455 /* Frameworks */,
				8CAC24492933485000F2A455 /* Resources */,
			);
			buildRules = (
			);
			dependencies = (
			);
			name = BMICalculator;
			productName = BMICalculator;
			productReference = 8CAC244B2933485000F2A455 /* BMICalculator.app */;
			productType = "com.apple.product-type.application";
		};
		8CAC24632933485200F2A455 /* BMICalculatorTests */ = {
			isa = PBXNativeTarget;
			buildConfigurationList = 8CAC247B2933485200F2A455 /* Build configuration list for PBXNativeTarget "BMICalculatorTests" */;
			buildPhases = (
				8CAC24602933485200F2A455 /* Sources */,
				8CAC24612933485200F2A455 /* Frameworks */,
				8CAC24622933485200F2A455 /* Resources */,
			);
			buildRules = (
			);
			dependencies = (
				8CAC24662933485200F2A455 /* PBXTargetDependency */,
			);
			name = BMICalculatorTests;
			productName = BMICalculatorTests;
			productReference = 8CAC24642933485200F2A455 /* BMICalculatorTests.xctest */;
			productType = "com.apple.product-type.bundle.unit-test";
		};
		8CAC246D2933485200F2A455 /* BMICalculatorUITests */ = {
			isa = PBXNativeTarget;
			buildConfigurationList = 8CAC247E2933485200F2A455 /* Build configuration list for PBXNativeTarget "BMICalculatorUITests" */;
			buildPhases = (
				8CAC246A2933485200F2A455 /* Sources */,
				8CAC246B2933485200F2A455 /* Frameworks */,
				8CAC246C2933485200F2A455 /* Resources */,
			);
			buildRules = (
			);
			dependencies = (
				8CAC24702933485200F2A455 /* PBXTargetDependency */,
			);
			name = BMICalculatorUITests;
			productName = BMICalculatorUITests;
			productReference = 8CAC246E2933485200F2A455 /* BMICalculatorUITests.xctest */;
			productType = "com.apple.product-type.bundle.ui-testing";
		};
/* End PBXNativeTarget section */

/* Begin PBXProject section */
		8CAC24432933485000F2A455 /* Project object */ = {
			isa = PBXProject;
			attributes = {
				BuildIndependentTargetsInParallel = 1;
				LastSwiftUpdateCheck = 1410;
				LastUpgradeCheck = 1410;
				TargetAttributes = {
					8CAC244A2933485000F2A455 = {
						CreatedOnToolsVersion = 14.1;
					};
					8CAC24632933485200F2A455 = {
						CreatedOnToolsVersion = 14.1;
						TestTargetID = 8CAC244A2933485000F2A455;
					};
					8CAC246D2933485200F2A455 = {
						CreatedOnToolsVersion = 14.1;
						TestTargetID = 8CAC244A2933485000F2A455;
					};
				};
			};
			buildConfigurationList = 8CAC24462933485000F2A455 /* Build configuration list for PBXProject "BMICalculator" */;
			compatibilityVersion = "Xcode 14.0";
			developmentRegion = en;
			hasScannedForEncodings = 0;
			knownRegions = (
				en,
				Base,
			);
			mainGroup = 8CAC24422933485000F2A455;
			productRefGroup = 8CAC244C2933485000F2A455 /* Products */;
			projectDirPath = "";
			projectRoot = "";
			targets = (
				8CAC244A2933485000F2A455 /* BMICalculator */,
				8CAC24632933485200F2A455 /* BMICalculatorTests */,
				8CAC246D2933485200F2A455 /* BMICalculatorUITests */,
			);
		};
/* End PBXProject section */

/* Begin PBXResourcesBuildPhase section */
		8CAC24492933485000F2A455 /* Resources */ = {
			isa = PBXResourcesBuildPhase;
			buildActionMask = 2147483647;
			files = (
				8CED63A6295322CA0037E5A0 /* MainTabBar.storyboard in Resources */,
				8CAC245E2933485200F2A455 /* LaunchScreen.storyboard in Resources */,
				8CAC245B2933485200F2A455 /* Assets.xcassets in Resources */,
				8CAC24562933485000F2A455 /* Main.storyboard in Resources */,
			);
			runOnlyForDeploymentPostprocessing = 0;
		};
		8CAC24622933485200F2A455 /* Resources */ = {
			isa = PBXResourcesBuildPhase;
			buildActionMask = 2147483647;
			files = (
			);
			runOnlyForDeploymentPostprocessing = 0;
		};
		8CAC246C2933485200F2A455 /* Resources */ = {
			isa = PBXResourcesBuildPhase;
			buildActionMask = 2147483647;
			files = (
			);
			runOnlyForDeploymentPostprocessing = 0;
		};
/* End PBXResourcesBuildPhase section */

/* Begin PBXSourcesBuildPhase section */
		8CAC24472933485000F2A455 /* Sources */ = {
			isa = PBXSourcesBuildPhase;
			buildActionMask = 2147483647;
			files = (
				8CAC248729334C6A00F2A455 /* CalculateBMIViewController.swift in Sources */,
				8CAC24592933485000F2A455 /* BMICalculator.xcdatamodeld in Sources */,
				8CAC24532933485000F2A455 /* ViewController.swift in Sources */,
				8CED63A8295322F50037E5A0 /* MainTabBarViewController.swift in Sources */,
				8CAC244F2933485000F2A455 /* AppDelegate.swift in Sources */,
				8CAC24512933485000F2A455 /* SceneDelegate.swift in Sources */,
				8CAC24892933898E00F2A455 /* ResultViewController.swift in Sources */,
			);
			runOnlyForDeploymentPostprocessing = 0;
		};
		8CAC24602933485200F2A455 /* Sources */ = {
			isa = PBXSourcesBuildPhase;
			buildActionMask = 2147483647;
			files = (
				8CAC24692933485200F2A455 /* BMICalculatorTests.swift in Sources */,
			);
			runOnlyForDeploymentPostprocessing = 0;
		};
		8CAC246A2933485200F2A455 /* Sources */ = {
			isa = PBXSourcesBuildPhase;
			buildActionMask = 2147483647;
			files = (
				8CAC24732933485200F2A455 /* BMICalculatorUITests.swift in Sources */,
				8CAC24752933485200F2A455 /* BMICalculatorUITestsLaunchTests.swift in Sources */,
			);
			runOnlyForDeploymentPostprocessing = 0;
		};
/* End PBXSourcesBuildPhase section */

/* Begin PBXTargetDependency section */
		8CAC24662933485200F2A455 /* PBXTargetDependency */ = {
			isa = PBXTargetDependency;
			target = 8CAC244A2933485000F2A455 /* BMICalculator */;
			targetProxy = 8CAC24652933485200F2A455 /* PBXContainerItemProxy */;
		};
		8CAC24702933485200F2A455 /* PBXTargetDependency */ = {
			isa = PBXTargetDependency;
			target = 8CAC244A2933485000F2A455 /* BMICalculator */;
			targetProxy = 8CAC246F2933485200F2A455 /* PBXContainerItemProxy */;
		};
/* End PBXTargetDependency section */

/* Begin PBXVariantGroup section */
		8CAC24542933485000F2A455 /* Main.storyboard */ = {
			isa = PBXVariantGroup;
			children = (
				8CAC24552933485000F2A455 /* Base */,
			);
			name = Main.storyboard;
			sourceTree = "<group>";
		};
		8CAC245C2933485200F2A455 /* LaunchScreen.storyboard */ = {
			isa = PBXVariantGroup;
			children = (
				8CAC245D2933485200F2A455 /* Base */,
			);
			name = LaunchScreen.storyboard;
			sourceTree = "<group>";
		};
/* End PBXVariantGroup section */

/* Begin XCBuildConfiguration section */
		8CAC24762933485200F2A455 /* Debug */ = {
			isa = XCBuildConfiguration;
			buildSettings = {
				ALWAYS_SEARCH_USER_PATHS = NO;
				CLANG_ANALYZER_NONNULL = YES;
				CLANG_ANALYZER_NUMBER_OBJECT_CONVERSION = YES_AGGRESSIVE;
				CLANG_CXX_LANGUAGE_STANDARD = "gnu++20";
				CLANG_ENABLE_MODULES = YES;
				CLANG_ENABLE_OBJC_ARC = YES;
				CLANG_ENABLE_OBJC_WEAK = YES;
				CLANG_WARN_BLOCK_CAPTURE_AUTORELEASING = YES;
				CLANG_WARN_BOOL_CONVERSION = YES;
				CLANG_WARN_COMMA = YES;
				CLANG_WARN_CONSTANT_CONVERSION = YES;
				CLANG_WARN_DEPRECATED_OBJC_IMPLEMENTATIONS = YES;
				CLANG_WARN_DIRECT_OBJC_ISA_USAGE = YES_ERROR;
				CLANG_WARN_DOCUMENTATION_COMMENTS = YES;
				CLANG_WARN_EMPTY_BODY = YES;
				CLANG_WARN_ENUM_CONVERSION = YES;
				CLANG_WARN_INFINITE_RECURSION = YES;
				CLANG_WARN_INT_CONVERSION = YES;
				CLANG_WARN_NON_LITERAL_NULL_CONVERSION = YES;
				CLANG_WARN_OBJC_IMPLICIT_RETAIN_SELF = YES;
				CLANG_WARN_OBJC_LITERAL_CONVERSION = YES;
				CLANG_WARN_OBJC_ROOT_CLASS = YES_ERROR;
				CLANG_WARN_QUOTED_INCLUDE_IN_FRAMEWORK_HEADER = YES;
				CLANG_WARN_RANGE_LOOP_ANALYSIS = YES;
				CLANG_WARN_STRICT_PROTOTYPES = YES;
				CLANG_WARN_SUSPICIOUS_MOVE = YES;
				CLANG_WARN_UNGUARDED_AVAILABILITY = YES_AGGRESSIVE;
				CLANG_WARN_UNREACHABLE_CODE = YES;
				CLANG_WARN__DUPLICATE_METHOD_MATCH = YES;
				COPY_PHASE_STRIP = NO;
				DEBUG_INFORMATION_FORMAT = dwarf;
				ENABLE_STRICT_OBJC_MSGSEND = YES;
				ENABLE_TESTABILITY = YES;
				GCC_C_LANGUAGE_STANDARD = gnu11;
				GCC_DYNAMIC_NO_PIC = NO;
				GCC_NO_COMMON_BLOCKS = YES;
				GCC_OPTIMIZATION_LEVEL = 0;
				GCC_PREPROCESSOR_DEFINITIONS = (
					"DEBUG=1",
					"$(inherited)",
				);
				GCC_WARN_64_TO_32_BIT_CONVERSION = YES;
				GCC_WARN_ABOUT_RETURN_TYPE = YES_ERROR;
				GCC_WARN_UNDECLARED_SELECTOR = YES;
				GCC_WARN_UNINITIALIZED_AUTOS = YES_AGGRESSIVE;
				GCC_WARN_UNUSED_FUNCTION = YES;
				GCC_WARN_UNUSED_VARIABLE = YES;
				IPHONEOS_DEPLOYMENT_TARGET = 16.1;
				MTL_ENABLE_DEBUG_INFO = INCLUDE_SOURCE;
				MTL_FAST_MATH = YES;
				ONLY_ACTIVE_ARCH = YES;
				SDKROOT = iphoneos;
				SWIFT_ACTIVE_COMPILATION_CONDITIONS = DEBUG;
				SWIFT_OPTIMIZATION_LEVEL = "-Onone";
			};
			name = Debug;
		};
		8CAC24772933485200F2A455 /* Release */ = {
			isa = XCBuildConfiguration;
			buildSettings = {
				ALWAYS_SEARCH_USER_PATHS = NO;
				CLANG_ANALYZER_NONNULL = YES;
				CLANG_ANALYZER_NUMBER_OBJECT_CONVERSION = YES_AGGRESSIVE;
				CLANG_CXX_LANGUAGE_STANDARD = "gnu++20";
				CLANG_ENABLE_MODULES = YES;
				CLANG_ENABLE_OBJC_ARC = YES;
				CLANG_ENABLE_OBJC_WEAK = YES;
				CLANG_WARN_BLOCK_CAPTURE_AUTORELEASING = YES;
				CLANG_WARN_BOOL_CONVERSION = YES;
				CLANG_WARN_COMMA = YES;
				CLANG_WARN_CONSTANT_CONVERSION = YES;
				CLANG_WARN_DEPRECATED_OBJC_IMPLEMENTATIONS = YES;
				CLANG_WARN_DIRECT_OBJC_ISA_USAGE = YES_ERROR;
				CLANG_WARN_DOCUMENTATION_COMMENTS = YES;
				CLANG_WARN_EMPTY_BODY = YES;
				CLANG_WARN_ENUM_CONVERSION = YES;
				CLANG_WARN_INFINITE_RECURSION = YES;
				CLANG_WARN_INT_CONVERSION = YES;
				CLANG_WARN_NON_LITERAL_NULL_CONVERSION = YES;
				CLANG_WARN_OBJC_IMPLICIT_RETAIN_SELF = YES;
				CLANG_WARN_OBJC_LITERAL_CONVERSION = YES;
				CLANG_WARN_OBJC_ROOT_CLASS = YES_ERROR;
				CLANG_WARN_QUOTED_INCLUDE_IN_FRAMEWORK_HEADER = YES;
				CLANG_WARN_RANGE_LOOP_ANALYSIS = YES;
				CLANG_WARN_STRICT_PROTOTYPES = YES;
				CLANG_WARN_SUSPICIOUS_MOVE = YES;
				CLANG_WARN_UNGUARDED_AVAILABILITY = YES_AGGRESSIVE;
				CLANG_WARN_UNREACHABLE_CODE = YES;
				CLANG_WARN__DUPLICATE_METHOD_MATCH = YES;
				COPY_PHASE_STRIP = NO;
				DEBUG_INFORMATION_FORMAT = "dwarf-with-dsym";
				ENABLE_NS_ASSERTIONS = NO;
				ENABLE_STRICT_OBJC_MSGSEND = YES;
				GCC_C_LANGUAGE_STANDARD = gnu11;
				GCC_NO_COMMON_BLOCKS = YES;
				GCC_WARN_64_TO_32_BIT_CONVERSION = YES;
				GCC_WARN_ABOUT_RETURN_TYPE = YES_ERROR;
				GCC_WARN_UNDECLARED_SELECTOR = YES;
				GCC_WARN_UNINITIALIZED_AUTOS = YES_AGGRESSIVE;
				GCC_WARN_UNUSED_FUNCTION = YES;
				GCC_WARN_UNUSED_VARIABLE = YES;
				IPHONEOS_DEPLOYMENT_TARGET = 16.1;
				MTL_ENABLE_DEBUG_INFO = NO;
				MTL_FAST_MATH = YES;
				SDKROOT = iphoneos;
				SWIFT_COMPILATION_MODE = wholemodule;
				SWIFT_OPTIMIZATION_LEVEL = "-O";
				VALIDATE_PRODUCT = YES;
			};
			name = Release;
		};
		8CAC24792933485200F2A455 /* Debug */ = {
			isa = XCBuildConfiguration;
			buildSettings = {
				ASSETCATALOG_COMPILER_APPICON_NAME = AppIcon;
				ASSETCATALOG_COMPILER_GLOBAL_ACCENT_COLOR_NAME = AccentColor;
				CODE_SIGN_STYLE = Automatic;
				CURRENT_PROJECT_VERSION = 1;
				GENERATE_INFOPLIST_FILE = YES;
				INFOPLIST_FILE = BMICalculator/Info.plist;
				INFOPLIST_KEY_UIApplicationSupportsIndirectInputEvents = YES;
				INFOPLIST_KEY_UILaunchStoryboardName = LaunchScreen;
				INFOPLIST_KEY_UIMainStoryboardFile = Main;
				INFOPLIST_KEY_UISupportedInterfaceOrientations_iPad = "UIInterfaceOrientationPortrait UIInterfaceOrientationPortraitUpsideDown UIInterfaceOrientationLandscapeLeft UIInterfaceOrientationLandscapeRight";
				INFOPLIST_KEY_UISupportedInterfaceOrientations_iPhone = "UIInterfaceOrientationPortrait UIInterfaceOrientationLandscapeLeft UIInterfaceOrientationLandscapeRight";
				LD_RUNPATH_SEARCH_PATHS = (
					"$(inherited)",
					"@executable_path/Frameworks",
				);
				MARKETING_VERSION = 1.0;
				PRODUCT_BUNDLE_IDENTIFIER = Hexaview.BMICalculator;
				PRODUCT_NAME = "$(TARGET_NAME)";
				SWIFT_EMIT_LOC_STRINGS = YES;
				SWIFT_VERSION = 5.0;
				TARGETED_DEVICE_FAMILY = "1,2";
			};
			name = Debug;
		};
		8CAC247A2933485200F2A455 /* Release */ = {
			isa = XCBuildConfiguration;
			buildSettings = {
				ASSETCATALOG_COMPILER_APPICON_NAME = AppIcon;
				ASSETCATALOG_COMPILER_GLOBAL_ACCENT_COLOR_NAME = AccentColor;
				CODE_SIGN_STYLE = Automatic;
				CURRENT_PROJECT_VERSION = 1;
				GENERATE_INFOPLIST_FILE = YES;
				INFOPLIST_FILE = BMICalculator/Info.plist;
				INFOPLIST_KEY_UIApplicationSupportsIndirectInputEvents = YES;
				INFOPLIST_KEY_UILaunchStoryboardName = LaunchScreen;
				INFOPLIST_KEY_UIMainStoryboardFile = Main;
				INFOPLIST_KEY_UISupportedInterfaceOrientations_iPad = "UIInterfaceOrientationPortrait UIInterfaceOrientationPortraitUpsideDown UIInterfaceOrientationLandscapeLeft UIInterfaceOrientationLandscapeRight";
				INFOPLIST_KEY_UISupportedInterfaceOrientations_iPhone = "UIInterfaceOrientationPortrait UIInterfaceOrientationLandscapeLeft UIInterfaceOrientationLandscapeRight";
				LD_RUNPATH_SEARCH_PATHS = (
					"$(inherited)",
					"@executable_path/Frameworks",
				);
				MARKETING_VERSION = 1.0;
				PRODUCT_BUNDLE_IDENTIFIER = Hexaview.BMICalculator;
				PRODUCT_NAME = "$(TARGET_NAME)";
				SWIFT_EMIT_LOC_STRINGS = YES;
				SWIFT_VERSION = 5.0;
				TARGETED_DEVICE_FAMILY = "1,2";
			};
			name = Release;
		};
		8CAC247C2933485200F2A455 /* Debug */ = {
			isa = XCBuildConfiguration;
			buildSettings = {
				ALWAYS_EMBED_SWIFT_STANDARD_LIBRARIES = YES;
				BUNDLE_LOADER = "$(TEST_HOST)";
				CODE_SIGN_STYLE = Automatic;
				CURRENT_PROJECT_VERSION = 1;
				GENERATE_INFOPLIST_FILE = YES;
				IPHONEOS_DEPLOYMENT_TARGET = 16.1;
				MARKETING_VERSION = 1.0;
				PRODUCT_BUNDLE_IDENTIFIER = Hexaview.BMICalculatorTests;
				PRODUCT_NAME = "$(TARGET_NAME)";
				SWIFT_EMIT_LOC_STRINGS = NO;
				SWIFT_VERSION = 5.0;
				TARGETED_DEVICE_FAMILY = "1,2";
				TEST_HOST = "$(BUILT_PRODUCTS_DIR)/BMICalculator.app/$(BUNDLE_EXECUTABLE_FOLDER_PATH)/BMICalculator";
			};
			name = Debug;
		};
		8CAC247D2933485200F2A455 /* Release */ = {
			isa = XCBuildConfiguration;
			buildSettings = {
				ALWAYS_EMBED_SWIFT_STANDARD_LIBRARIES = YES;
				BUNDLE_LOADER = "$(TEST_HOST)";
				CODE_SIGN_STYLE = Automatic;
				CURRENT_PROJECT_VERSION = 1;
				GENERATE_INFOPLIST_FILE = YES;
				IPHONEOS_DEPLOYMENT_TARGET = 16.1;
				MARKETING_VERSION = 1.0;
				PRODUCT_BUNDLE_IDENTIFIER = Hexaview.BMICalculatorTests;
				PRODUCT_NAME = "$(TARGET_NAME)";
				SWIFT_EMIT_LOC_STRINGS = NO;
				SWIFT_VERSION = 5.0;
				TARGETED_DEVICE_FAMILY = "1,2";
				TEST_HOST = "$(BUILT_PRODUCTS_DIR)/BMICalculator.app/$(BUNDLE_EXECUTABLE_FOLDER_PATH)/BMICalculator";
			};
			name = Release;
		};
		8CAC247F2933485200F2A455 /* Debug */ = {
			isa = XCBuildConfiguration;
			buildSettings = {
				ALWAYS_EMBED_SWIFT_STANDARD_LIBRARIES = YES;
				CODE_SIGN_STYLE = Automatic;
				CURRENT_PROJECT_VERSION = 1;
				GENERATE_INFOPLIST_FILE = YES;
				MARKETING_VERSION = 1.0;
				PRODUCT_BUNDLE_IDENTIFIER = Hexaview.BMICalculatorUITests;
				PRODUCT_NAME = "$(TARGET_NAME)";
				SWIFT_EMIT_LOC_STRINGS = NO;
				SWIFT_VERSION = 5.0;
				TARGETED_DEVICE_FAMILY = "1,2";
				TEST_TARGET_NAME = BMICalculator;
			};
			name = Debug;
		};
		8CAC24802933485200F2A455 /* Release */ = {
			isa = XCBuildConfiguration;
			buildSettings = {
				ALWAYS_EMBED_SWIFT_STANDARD_LIBRARIES = YES;
				CODE_SIGN_STYLE = Automatic;
				CURRENT_PROJECT_VERSION = 1;
				GENERATE_INFOPLIST_FILE = YES;
				MARKETING_VERSION = 1.0;
				PRODUCT_BUNDLE_IDENTIFIER = Hexaview.BMICalculatorUITests;
				PRODUCT_NAME = "$(TARGET_NAME)";
				SWIFT_EMIT_LOC_STRINGS = NO;
				SWIFT_VERSION = 5.0;
				TARGETED_DEVICE_FAMILY = "1,2";
				TEST_TARGET_NAME = BMICalculator;
			};
			name = Release;
		};
/* End XCBuildConfiguration section */

/* Begin XCConfigurationList section */
		8CAC24462933485000F2A455 /* Build configuration list for PBXProject "BMICalculator" */ = {
			isa = XCConfigurationList;
			buildConfigurations = (
				8CAC24762933485200F2A455 /* Debug */,
				8CAC24772933485200F2A455 /* Release */,
			);
			defaultConfigurationIsVisible = 0;
			defaultConfigurationName = Release;
		};
		8CAC24782933485200F2A455 /* Build configuration list for PBXNativeTarget "BMICalculator" */ = {
			isa = XCConfigurationList;
			buildConfigurations = (
				8CAC24792933485200F2A455 /* Debug */,
				8CAC247A2933485200F2A455 /* Release */,
			);
			defaultConfigurationIsVisible = 0;
			defaultConfigurationName = Release;
		};
		8CAC247B2933485200F2A455 /* Build configuration list for PBXNativeTarget "BMICalculatorTests" */ = {
			isa = XCConfigurationList;
			buildConfigurations = (
				8CAC247C2933485200F2A455 /* Debug */,
				8CAC247D2933485200F2A455 /* Release */,
			);
			defaultConfigurationIsVisible = 0;
			defaultConfigurationName = Release;
		};
		8CAC247E2933485200F2A455 /* Build configuration list for PBXNativeTarget "BMICalculatorUITests" */ = {
			isa = XCConfigurationList;
			buildConfigurations = (
				8CAC247F2933485200F2A455 /* Debug */,
				8CAC24802933485200F2A455 /* Release */,
			);
			defaultConfigurationIsVisible = 0;
			defaultConfigurationName = Release;
		};
/* End XCConfigurationList section */

/* Begin XCVersionGroup section */
		8CAC24572933485000F2A455 /* BMICalculator.xcdatamodeld */ = {
			isa = XCVersionGroup;
			children = (
				8CAC24582933485000F2A455 /* BMICalculator.xcdatamodel */,
			);
			currentVersion = 8CAC24582933485000F2A455 /* BMICalculator.xcdatamodel */;
			path = BMICalculator.xcdatamodeld;
			sourceTree = "<group>";
			versionGroupType = wrapper.xcdatamodel;
		};
/* End XCVersionGroup section */
	};
	rootObject = 8CAC24432933485000F2A455 /* Project object */;
}
